
Microsoft Visual Studio Solution File, Format Version 12.00
# Visual Studio Version 17
VisualStudioVersion = 17.14.36811.4
MinimumVisualStudioVersion = 10.0.40219.1
Project("{8BC9CEB8-8B4A-11D0-8D11-00A0C91BC942}") = "LAB07", "LAB07.vcxproj", "{454616C0-5B6E-4652-8AF7-67B56CCBE1BF}"
EndProject
Project("{8BC9CEB8-8B4A-11D0-8D11-00A0C91BC942}") = "LAB0701", "..\LAB0701\LAB0701.vcxproj", "{03D51C18-DBAE-432F-BCDD-C23AD13C5FB8}"
EndProject
Project("{8BC9CEB8-8B4A-11D0-8D11-00A0C91BC942}") = "LAB0702", "..\LAB0702\LAB0702.vcxproj", "{D8D1EBEA-1919-4E20-B0D6-108B9701AE2D}"
EndProject
Project("{8BC9CEB8-8B4A-11D0-8D11-00A0C91BC942}") = "LAB0703", "..\LAB0703\LAB0703.vcxproj", "{2FD66BB9-45AE-4C4B-9670-F145B4970241}"
EndProject
Project("{8BC9CEB8-8B4A-11D0-8D11-00A0C91BC942}") = "LAB0704", "..\LAB0704\LAB0704.vcxproj", "{56A58DBD-FBB8-42C3-A8FF-74760FB6756F}"
EndProject
Project("{8BC9CEB8-8B4A-11D0-8D11-00A0C91BC942}") = "LAB0705", "..\LAB0705\LAB0705.vcxproj", "{F604932B-02E8-4963-9074-C62CE95EE673}"
EndProject
Global
	GlobalSection(SolutionConfigurationPlatforms) = preSolution
		Debug|x64 = Debug|x64
		Debug|x86 = Debug|x86
		Release|x64 = Release|x64
		Release|x86 = Release|x86
	EndGlobalSection
	GlobalSection(ProjectConfigurationPlatforms) = postSolution
		{454616C0-5B6E-4652-8AF7-67B56CCBE1BF}.Debug|x64.ActiveCfg = Debug|x64
		{454616C0-5B6E-4652-8AF7-67B56CCBE1BF}.Debug|x64.Build.0 = Debug|x64
		{454616C0-5B6E-4652-8AF7-67B56CCBE1BF}.Debug|x86.ActiveCfg = Debug|Win32
		{454616C0-5B6E-4652-8AF7-67B56CCBE1BF}.Debug|x86.Build.0 = Debug|Win32
		{454616C0-5B6E-4652-8AF7-67B56CCBE1BF}.Release|x64.ActiveCfg = Release|x64
		{454616C0-5B6E-4652-8AF7-67B56CCBE1BF}.Release|x64.Build.0 = Release|x64
		{454616C0-5B6E-4652-8AF7-67B56CCBE1BF}.Release|x86.ActiveCfg = Release|Win32
		{454616C0-5B6E-4652-8AF7-67B56CCBE1BF}.Release|x86.Build.0 = Release|Win32
		{03D51C18-DBAE-432F-BCDD-C23AD13C5FB8}.Debug|x64.ActiveCfg = Debug|x64
		{03D51C18-DBAE-432F-BCDD-C23AD13C5FB8}.Debug|x64.Build.0 = Debug|x64
		{03D51C18-DBAE-432F-BCDD-C23AD13C5FB8}.Debug|x86.ActiveCfg = Debug|Win32
		{03D51C18-DBAE-432F-BCDD-C23AD13C5FB8}.Debug|x86.Build.0 = Debug|Win32
		{03D51C18-DBAE-432F-BCDD-C23AD13C5FB8}.Release|x64.ActiveCfg = Release|x64
		{03D51C18-DBAE-432F-BCDD-C23AD13C5FB8}.Release|x64.Build.0 = Release|x64
		{03D51C18-DBAE-432F-BCDD-C23AD13C5FB8}.Release|x86.ActiveCfg = Release|Win32
		{03D51C18-DBAE-432F-BCDD-C23AD13C5FB8}.Release|x86.Build.0 = Release|Win32
		{D8D1EBEA-1919-4E20-B0D6-108B9701AE2D}.Debug|x64.ActiveCfg = Debug|x64
		{D8D1EBEA-1919-4E20-B0D6-108B9701AE2D}.Debug|x64.Build.0 = Debug|x64
		{D8D1EBEA-1919-4E20-B0D6-108B9701AE2D}.Debug|x86.ActiveCfg = Debug|Win32
		{D8D1EBEA-1919-4E20-B0D6-108B9701AE2D}.Debug|x86.Build.0 = Debug|Win32
		{D8D1EBEA-1919-4E20-B0D6-108B9701AE2D}.Release|x64.ActiveCfg = Release|x64
		{D8D1EBEA-1919-4E20-B0D6-108B9701AE2D}.Release|x64.Build.0 = Release|x64
		{D8D1EBEA-1919-4E20-B0D6-108B9701AE2D}.Release|x86.ActiveCfg = Release|Win32
		{D8D1EBEA-1919-4E20-B0D6-108B9701AE2D}.Release|x86.Build.0 = Release|Win32
		{2FD66BB9-45AE-4C4B-9670-F145B4970241}.Debug|x64.ActiveCfg = Debug|x64
		{2FD66BB9-45AE-4C4B-9670-F145B4970241}.Debug|x64.Build.0 = Debug|x64
		{2FD66BB9-45AE-4C4B-9670-F145B4970241}.Debug|x86.ActiveCfg = Debug|Win32
		{2FD66BB9-45AE-4C4B-9670-F145B4970241}.Debug|x86.Build.0 = Debug|Win32
		{2FD66BB9-45AE-4C4B-9670-F145B4970241}.Release|x64.ActiveCfg = Release|x64
		{2FD66BB9-45AE-4C4B-9670-F145B4970241}.Release|x64.Build.0 = Release|x64
		{2FD66BB9-45AE-4C4B-9670-F145B4970241}.Release|x86.ActiveCfg = Release|Win32
		{2FD66BB9-45AE-4C4B-9670-F145B4970241}.Release|x86.Build.0 = Release|Win32
		{56A58DBD-FBB8-42C3-A8FF-74760FB6756F}.Debug|x64.ActiveCfg = Debug|x64
		{56A58DBD-FBB8-42C3-A8FF-74760FB6756F}.Debug|x64.Build.0 = Debug|x64
		{56A58DBD-FBB8-42C3-A8FF-74760FB6756F}.Debug|x86.ActiveCfg = Debug|Win32
		{56A58DBD-FBB8-42C3-A8FF-74760FB6756F}.Debug|x86.Build.0 = Debug|Win32
		{56A58DBD-FBB8-42C3-A8FF-74760FB6756F}.Release|x64.ActiveCfg = Release|x64
		{56A58DBD-FBB8-42C3-A8FF-74760FB6756F}.Release|x64.Build.0 = Release|x64
		{56A58DBD-FBB8-42C3-A8FF-74760FB6756F}.Release|x86.ActiveCfg = Release|Win32
		{56A58DBD-FBB8-42C3-A8FF-74760FB6756F}.Release|x86.Build.0 = Release|Win32
		{F604932B-02E8-4963-9074-C62CE95EE673}.Debug|x64.ActiveCfg = Debug|x64
		{F604932B-02E8-4963-9074-C62CE95EE673}.Debug|x64.Build.0 = Debug|x64
		{F604932B-02E8-4963-9074-C62CE95EE673}.Debug|x86.ActiveCfg = Debug|Win32
		{F604932B-02E8-4963-9074-C62CE95EE673}.Debug|x86.Build.0 = Debug|Win32
		{F604932B-02E8-4963-9074-C62CE95EE673}.Release|x64.ActiveCfg = Release|x64
		{F604932B-02E8-4963-9074-C62CE95EE673}.Release|x64.Build.0 = Release|x64
		{F604932B-02E8-4963-9074-C62CE95EE673}.Release|x86.ActiveCfg = Release|Win32
		{F604932B-02E8-4963-9074-C62CE95EE673}.Release|x86.Build.0 = Release|Win32
	EndGlobalSection
	GlobalSection(SolutionProperties) = preSolution
		HideSolutionNode = FALSE
	EndGlobalSection
	GlobalSection(ExtensibilityGlobals) = postSolution
		SolutionGuid = {7B978C0A-2DE9-4031-9444-CD63354458F6}
	EndGlobalSection
EndGlobal
