
Microsoft Visual Studio Solution File, Format Version 12.00
# Visual Studio Version 17
VisualStudioVersion = 17.14.36717.8 d17.14
MinimumVisualStudioVersion = 10.0.40219.1
Project("{8BC9CEB8-8B4A-11D0-8D11-00A0C91BC942}") = "LAB06", "ConsoleApplication1.vcxproj", "{58C99FFE-C3F4-42B3-B425-4DE9C50BD0A2}"
EndProject
Project("{8BC9CEB8-8B4A-11D0-8D11-00A0C91BC942}") = "Lab0601", "..\Lab0601\Lab0601.vcxproj", "{59C5F4D1-6727-426A-81AE-86092CDA435F}"
EndProject
Project("{8BC9CEB8-8B4A-11D0-8D11-00A0C91BC942}") = "LAB0602", "..\LAB0602\LAB0602.vcxproj", "{41916DEA-C36B-4944-A7B4-A040F7CC0A9D}"
EndProject
Project("{8BC9CEB8-8B4A-11D0-8D11-00A0C91BC942}") = "LAB0603", "..\LAB0603\LAB0603.vcxproj", "{62A900EE-52B7-42DB-A1F8-8C23269531DF}"
EndProject
Project("{8BC9CEB8-8B4A-11D0-8D11-00A0C91BC942}") = "LAB0604", "..\LAB0604\LAB0604.vcxproj", "{240E30A0-31BC-4B21-953A-825C6BD27817}"
EndProject
Global
	GlobalSection(SolutionConfigurationPlatforms) = preSolution
		Debug|x64 = Debug|x64
		Debug|x86 = Debug|x86
		Release|x64 = Release|x64
		Release|x86 = Release|x86
	EndGlobalSection
	GlobalSection(ProjectConfigurationPlatforms) = postSolution
		{58C99FFE-C3F4-42B3-B425-4DE9C50BD0A2}.Debug|x64.ActiveCfg = Debug|x64
		{58C99FFE-C3F4-42B3-B425-4DE9C50BD0A2}.Debug|x64.Build.0 = Debug|x64
		{58C99FFE-C3F4-42B3-B425-4DE9C50BD0A2}.Debug|x86.ActiveCfg = Debug|Win32
		{58C99FFE-C3F4-42B3-B425-4DE9C50BD0A2}.Debug|x86.Build.0 = Debug|Win32
		{58C99FFE-C3F4-42B3-B425-4DE9C50BD0A2}.Release|x64.ActiveCfg = Release|x64
		{58C99FFE-C3F4-42B3-B425-4DE9C50BD0A2}.Release|x64.Build.0 = Release|x64
		{58C99FFE-C3F4-42B3-B425-4DE9C50BD0A2}.Release|x86.ActiveCfg = Release|Win32
		{58C99FFE-C3F4-42B3-B425-4DE9C50BD0A2}.Release|x86.Build.0 = Release|Win32
		{59C5F4D1-6727-426A-81AE-86092CDA435F}.Debug|x64.ActiveCfg = Debug|x64
		{59C5F4D1-6727-426A-81AE-86092CDA435F}.Debug|x64.Build.0 = Debug|x64
		{59C5F4D1-6727-426A-81AE-86092CDA435F}.Debug|x86.ActiveCfg = Debug|Win32
		{59C5F4D1-6727-426A-81AE-86092CDA435F}.Debug|x86.Build.0 = Debug|Win32
		{59C5F4D1-6727-426A-81AE-86092CDA435F}.Release|x64.ActiveCfg = Release|x64
		{59C5F4D1-6727-426A-81AE-86092CDA435F}.Release|x64.Build.0 = Release|x64
		{59C5F4D1-6727-426A-81AE-86092CDA435F}.Release|x86.ActiveCfg = Release|Win32
		{59C5F4D1-6727-426A-81AE-86092CDA435F}.Release|x86.Build.0 = Release|Win32
		{41916DEA-C36B-4944-A7B4-A040F7CC0A9D}.Debug|x64.ActiveCfg = Debug|x64
		{41916DEA-C36B-4944-A7B4-A040F7CC0A9D}.Debug|x64.Build.0 = Debug|x64
		{41916DEA-C36B-4944-A7B4-A040F7CC0A9D}.Debug|x86.ActiveCfg = Debug|Win32
		{41916DEA-C36B-4944-A7B4-A040F7CC0A9D}.Debug|x86.Build.0 = Debug|Win32
		{41916DEA-C36B-4944-A7B4-A040F7CC0A9D}.Release|x64.ActiveCfg = Release|x64
		{41916DEA-C36B-4944-A7B4-A040F7CC0A9D}.Release|x64.Build.0 = Release|x64
		{41916DEA-C36B-4944-A7B4-A040F7CC0A9D}.Release|x86.ActiveCfg = Release|Win32
		{41916DEA-C36B-4944-A7B4-A040F7CC0A9D}.Release|x86.Build.0 = Release|Win32
		{62A900EE-52B7-42DB-A1F8-8C23269531DF}.Debug|x64.ActiveCfg = Debug|x64
		{62A900EE-52B7-42DB-A1F8-8C23269531DF}.Debug|x64.Build.0 = Debug|x64
		{62A900EE-52B7-42DB-A1F8-8C23269531DF}.Debug|x86.ActiveCfg = Debug|Win32
		{62A900EE-52B7-42DB-A1F8-8C23269531DF}.Debug|x86.Build.0 = Debug|Win32
		{62A900EE-52B7-42DB-A1F8-8C23269531DF}.Release|x64.ActiveCfg = Release|x64
		{62A900EE-52B7-42DB-A1F8-8C23269531DF}.Release|x64.Build.0 = Release|x64
		{62A900EE-52B7-42DB-A1F8-8C23269531DF}.Release|x86.ActiveCfg = Release|Win32
		{62A900EE-52B7-42DB-A1F8-8C23269531DF}.Release|x86.Build.0 = Release|Win32
		{240E30A0-31BC-4B21-953A-825C6BD27817}.Debug|x64.ActiveCfg = Debug|x64
		{240E30A0-31BC-4B21-953A-825C6BD27817}.Debug|x64.Build.0 = Debug|x64
		{240E30A0-31BC-4B21-953A-825C6BD27817}.Debug|x86.ActiveCfg = Debug|Win32
		{240E30A0-31BC-4B21-953A-825C6BD27817}.Debug|x86.Build.0 = Debug|Win32
		{240E30A0-31BC-4B21-953A-825C6BD27817}.Release|x64.ActiveCfg = Release|x64
		{240E30A0-31BC-4B21-953A-825C6BD27817}.Release|x64.Build.0 = Release|x64
		{240E30A0-31BC-4B21-953A-825C6BD27817}.Release|x86.ActiveCfg = Release|Win32
		{240E30A0-31BC-4B21-953A-825C6BD27817}.Release|x86.Build.0 = Release|Win32
	EndGlobalSection
	GlobalSection(SolutionProperties) = preSolution
		HideSolutionNode = FALSE
	EndGlobalSection
	GlobalSection(ExtensibilityGlobals) = postSolution
		SolutionGuid = {F9179C66-2607-46BA-8B95-28BA5B2F22C4}
	EndGlobalSection
EndGlobal
